
Microsoft Visual Studio Solution File, Format Version 12.00
# Visual Studio Version 17
VisualStudioVersion = 17.11.35222.181
MinimumVisualStudioVersion = 10.0.40219.1
Project("{FAE04EC0-301F-11D3-BF4B-00C04F79EFBC}") = "MauiAppSolution", "MauiAppSolution\MauiAppSolution.csproj", "{5421E943-11B5-4CE5-9940-89CF674364CD}"
EndProject
Global
	GlobalSection(SolutionConfigurationPlatforms) = preSolution
		Debug|Any CPU = Debug|Any CPU
		Release|Any CPU = Release|Any CPU
	EndGlobalSection
	GlobalSection(ProjectConfigurationPlatforms) = postSolution
		{5421E943-11B5-4CE5-9940-89CF674364CD}.Debug|Any CPU.ActiveCfg = Debug|Any CPU
		{5421E943-11B5-4CE5-9940-89CF674364CD}.Debug|Any CPU.Build.0 = Debug|Any CPU
		{5421E943-11B5-4CE5-9940-89CF674364CD}.Debug|Any CPU.Deploy.0 = Debug|Any CPU
		{5421E943-11B5-4CE5-9940-89CF674364CD}.Release|Any CPU.ActiveCfg = Release|Any CPU
		{5421E943-11B5-4CE5-9940-89CF674364CD}.Release|Any CPU.Build.0 = Release|Any CPU
		{5421E943-11B5-4CE5-9940-89CF674364CD}.Release|Any CPU.Deploy.0 = Release|Any CPU
	EndGlobalSection
	GlobalSection(SolutionProperties) = preSolution
		HideSolutionNode = FALSE
	EndGlobalSection
	GlobalSection(ExtensibilityGlobals) = postSolution
		SolutionGuid = {534D90A2-7E61-4F03-9806-40F4EA4ED147}
	EndGlobalSection
EndGlobal
